// !$*UTF8*$!
{
	archiveVersion = 1;
	classes = {
	};
	objectVersion = 56;
	objects = {

/* Begin PBXBuildFile section */
		4DD59F3929911EA5006C141D /* AppDelegate.swift in Sources */ = {isa = PBXBuildFile; fileRef = 4DD59F3829911EA5006C141D /* AppDelegate.swift */; };
		4DD59F3B29911EA5006C141D /* SceneDelegate.swift in Sources */ = {isa = PBXBuildFile; fileRef = 4DD59F3A29911EA5006C141D /* SceneDelegate.swift */; };
		4DD59F3D29911EA5006C141D /* ViewController.swift in Sources */ = {isa = PBXBuildFile; fileRef = 4DD59F3C29911EA5006C141D /* ViewController.swift */; };
		4DD59F4029911EA5006C141D /* Main.storyboard in Resources */ = {isa = PBXBuildFile; fileRef = 4DD59F3E29911EA5006C141D /* Main.storyboard */; };
		4DD59F4229911EA6006C141D /* Assets.xcassets in Resources */ = {isa = PBXBuildFile; fileRef = 4DD59F4129911EA6006C141D /* Assets.xcassets */; };
		4DD59F4529911EA6006C141D /* LaunchScreen.storyboard in Resources */ = {isa = PBXBuildFile; fileRef = 4DD59F4329911EA6006C141D /* LaunchScreen.storyboard */; };
		4DD59F5229911F97006C141D /* Contact.swift in Sources */ = {isa = PBXBuildFile; fileRef = 4DD59F5129911F97006C141D /* Contact.swift */; };
		4DD59F542991206B006C141D /* Services.swift in Sources */ = {isa = PBXBuildFile; fileRef = 4DD59F532991206B006C141D /* Services.swift */; };
/* End PBXBuildFile section */

/* Begin PBXFileReference section */
		4DD59F3529911EA5006C141D /* ContactList.app */ = {isa = PBXFileReference; explicitFileType = wrapper.application; includeInIndex = 0; path = ContactList.app; sourceTree = BUILT_PRODUCTS_DIR; };
		4DD59F3829911EA5006C141D /* AppDelegate.swift */ = {isa = PBXFileReference; lastKnownFileType = sourcecode.swift; path = AppDelegate.swift; sourceTree = "<group>"; };
		4DD59F3A29911EA5006C141D /* SceneDelegate.swift */ = {isa = PBXFileReference; lastKnownFileType = sourcecode.swift; path = SceneDelegate.swift; sourceTree = "<group>"; };
		4DD59F3C29911EA5006C141D /* ViewController.swift */ = {isa = PBXFileReference; lastKnownFileType = sourcecode.swift; path = ViewController.swift; sourceTree = "<group>"; };
		4DD59F3F29911EA5006C141D /* Base */ = {isa = PBXFileReference; lastKnownFileType = file.storyboard; name = Base; path = Base.lproj/Main.storyboard; sourceTree = "<group>"; };
		4DD59F4129911EA6006C141D /* Assets.xcassets */ = {isa = PBXFileReference; lastKnownFileType = folder.assetcatalog; path = Assets.xcassets; sourceTree = "<group>"; };
		4DD59F4429911EA6006C141D /* Base */ = {isa = PBXFileReference; lastKnownFileType = file.storyboard; name = Base; path = Base.lproj/LaunchScreen.storyboard; sourceTree = "<group>"; };
		4DD59F4629911EA6006C141D /* Info.plist */ = {isa = PBXFileReference; lastKnownFileType = text.plist.xml; path = Info.plist; sourceTree = "<group>"; };
		4DD59F5129911F97006C141D /* Contact.swift */ = {isa = PBXFileReference; lastKnownFileType = sourcecode.swift; path = Contact.swift; sourceTree = "<group>"; };
		4DD59F532991206B006C141D /* Services.swift */ = {isa = PBXFileReference; lastKnownFileType = sourcecode.swift; path = Services.swift; sourceTree = "<group>"; };
/* End PBXFileReference section */

/* Begin PBXFrameworksBuildPhase section */
		4DD59F3229911EA5006C141D /* Frameworks */ = {
			isa = PBXFrameworksBuildPhase;
			buildActionMask = 2147483647;
			files = (
			);
			runOnlyForDeploymentPostprocessing = 0;
		};
/* End PBXFrameworksBuildPhase section */

/* Begin PBXGroup section */
		4DD59F2C29911EA5006C141D = {
			isa = PBXGroup;
			children = (
				4DD59F3729911EA5006C141D /* ContactList */,
				4DD59F3629911EA5006C141D /* Products */,
			);
			sourceTree = "<group>";
		};
		4DD59F3629911EA5006C141D /* Products */ = {
			isa = PBXGroup;
			children = (
				4DD59F3529911EA5006C141D /* ContactList.app */,
			);
			name = Products;
			sourceTree = "<group>";
		};
		4DD59F3729911EA5006C141D /* ContactList */ = {
			isa = PBXGroup;
			children = (
				4DD59F4D29911F04006C141D /* ViewControllers */,
				4DD59F5029911F58006C141D /* Models */,
				4DD59F4C29911EEB006C141D /* Storyboards */,
				4DD59F4E29911F17006C141D /* SupportFiles */,
				4DD59F4129911EA6006C141D /* Assets.xcassets */,
				4DD59F4629911EA6006C141D /* Info.plist */,
			);
			path = ContactList;
			sourceTree = "<group>";
		};
		4DD59F4C29911EEB006C141D /* Storyboards */ = {
			isa = PBXGroup;
			children = (
				4DD59F3E29911EA5006C141D /* Main.storyboard */,
				4DD59F4329911EA6006C141D /* LaunchScreen.storyboard */,
			);
			path = Storyboards;
			sourceTree = "<group>";
		};
		4DD59F4D29911F04006C141D /* ViewControllers */ = {
			isa = PBXGroup;
			children = (
				4DD59F3C29911EA5006C141D /* ViewController.swift */,
			);
			path = ViewControllers;
			sourceTree = "<group>";
		};
		4DD59F4E29911F17006C141D /* SupportFiles */ = {
			isa = PBXGroup;
			children = (
				4DD59F3829911EA5006C141D /* AppDelegate.swift */,
				4DD59F3A29911EA5006C141D /* SceneDelegate.swift */,
			);
			path = SupportFiles;
			sourceTree = "<group>";
		};
		4DD59F5029911F58006C141D /* Models */ = {
			isa = PBXGroup;
			children = (
				4DD59F5129911F97006C141D /* Contact.swift */,
				4DD59F532991206B006C141D /* Services.swift */,
			);
			path = Models;
			sourceTree = "<group>";
		};
/* End PBXGroup section */

/* Begin PBXNativeTarget section */
		4DD59F3429911EA5006C141D /* ContactList */ = {
			isa = PBXNativeTarget;
			buildConfigurationList = 4DD59F4929911EA6006C141D /* Build configuration list for PBXNativeTarget "ContactList" */;
			buildPhases = (
				4DD59F3129911EA5006C141D /* Sources */,
				4DD59F3229911EA5006C141D /* Frameworks */,
				4DD59F3329911EA5006C141D /* Resources */,
			);
			buildRules = (
			);
			dependencies = (
			);
			name = ContactList;
			productName = ContactList;
			productReference = 4DD59F3529911EA5006C141D /* ContactList.app */;
			productType = "com.apple.product-type.application";
		};
/* End PBXNativeTarget section */

/* Begin PBXProject section */
		4DD59F2D29911EA5006C141D /* Project object */ = {
			isa = PBXProject;
			attributes = {
				BuildIndependentTargetsInParallel = 1;
				LastSwiftUpdateCheck = 1420;
				LastUpgradeCheck = 1420;
				TargetAttributes = {
					4DD59F3429911EA5006C141D = {
						CreatedOnToolsVersion = 14.2;
					};
				};
			};
			buildConfigurationList = 4DD59F3029911EA5006C141D /* Build configuration list for PBXProject "ContactList" */;
			compatibilityVersion = "Xcode 14.0";
			developmentRegion = en;
			hasScannedForEncodings = 0;
			knownRegions = (
				en,
				Base,
			);
			mainGroup = 4DD59F2C29911EA5006C141D;
			productRefGroup = 4DD59F3629911EA5006C141D /* Products */;
			projectDirPath = "";
			projectRoot = "";
			targets = (
				4DD59F3429911EA5006C141D /* ContactList */,
			);
		};
/* End PBXProject section */

/* Begin PBXResourcesBuildPhase section */
		4DD59F3329911EA5006C141D /* Resources */ = {
			isa = PBXResourcesBuildPhase;
			buildActionMask = 2147483647;
			files = (
				4DD59F4529911EA6006C141D /* LaunchScreen.storyboard in Resources */,
				4DD59F4229911EA6006C141D /* Assets.xcassets in Resources */,
				4DD59F4029911EA5006C141D /* Main.storyboard in Resources */,
			);
			runOnlyForDeploymentPostprocessing = 0;
		};
/* End PBXResourcesBuildPhase section */

/* Begin PBXSourcesBuildPhase section */
		4DD59F3129911EA5006C141D /* Sources */ = {
			isa = PBXSourcesBuildPhase;
			buildActionMask = 2147483647;
			files = (
				4DD59F542991206B006C141D /* Services.swift in Sources */,
				4DD59F5229911F97006C141D /* Contact.swift in Sources */,
				4DD59F3D29911EA5006C141D /* ViewController.swift in Sources */,
				4DD59F3929911EA5006C141D /* AppDelegate.swift in Sources */,
				4DD59F3B29911EA5006C141D /* SceneDelegate.swift in Sources */,
			);
			runOnlyForDeploymentPostprocessing = 0;
		};
/* End PBXSourcesBuildPhase section */

/* Begin PBXVariantGroup section */
		4DD59F3E29911EA5006C141D /* Main.storyboard */ = {
			isa = PBXVariantGroup;
			children = (
				4DD59F3F29911EA5006C141D /* Base */,
			);
			name = Main.storyboard;
			sourceTree = "<group>";
		};
		4DD59F4329911EA6006C141D /* LaunchScreen.storyboard */ = {
			isa = PBXVariantGroup;
			children = (
				4DD59F4429911EA6006C141D /* Base */,
			);
			name = LaunchScreen.storyboard;
			sourceTree = "<group>";
		};
/* End PBXVariantGroup section */

/* Begin XCBuildConfiguration section */
		4DD59F4729911EA6006C141D /* Debug */ = {
			isa = XCBuildConfiguration;
			buildSettings = {
				ALWAYS_SEARCH_USER_PATHS = NO;
				CLANG_ANALYZER_NONNULL = YES;
				CLANG_ANALYZER_NUMBER_OBJECT_CONVERSION = YES_AGGRESSIVE;
				CLANG_CXX_LANGUAGE_STANDARD = "gnu++20";
				CLANG_ENABLE_MODULES = YES;
				CLANG_ENABLE_OBJC_ARC = YES;
				CLANG_ENABLE_OBJC_WEAK = YES;
				CLANG_WARN_BLOCK_CAPTURE_AUTORELEASING = YES;
				CLANG_WARN_BOOL_CONVERSION = YES;
				CLANG_WARN_COMMA = YES;
				CLANG_WARN_CONSTANT_CONVERSION = YES;
				CLANG_WARN_DEPRECATED_OBJC_IMPLEMENTATIONS = YES;
				CLANG_WARN_DIRECT_OBJC_ISA_USAGE = YES_ERROR;
				CLANG_WARN_DOCUMENTATION_COMMENTS = YES;
				CLANG_WARN_EMPTY_BODY = YES;
				CLANG_WARN_ENUM_CONVERSION = YES;
				CLANG_WARN_INFINITE_RECURSION = YES;
				CLANG_WARN_INT_CONVERSION = YES;
				CLANG_WARN_NON_LITERAL_NULL_CONVERSION = YES;
				CLANG_WARN_OBJC_IMPLICIT_RETAIN_SELF = YES;
				CLANG_WARN_OBJC_LITERAL_CONVERSION = YES;
				CLANG_WARN_OBJC_ROOT_CLASS = YES_ERROR;
				CLANG_WARN_QUOTED_INCLUDE_IN_FRAMEWORK_HEADER = YES;
				CLANG_WARN_RANGE_LOOP_ANALYSIS = YES;
				CLANG_WARN_STRICT_PROTOTYPES = YES;
				CLANG_WARN_SUSPICIOUS_MOVE = YES;
				CLANG_WARN_UNGUARDED_AVAILABILITY = YES_AGGRESSIVE;
				CLANG_WARN_UNREACHABLE_CODE = YES;
				CLANG_WARN__DUPLICATE_METHOD_MATCH = YES;
				COPY_PHASE_STRIP = NO;
				DEBUG_INFORMATION_FORMAT = dwarf;
				ENABLE_STRICT_OBJC_MSGSEND = YES;
				ENABLE_TESTABILITY = YES;
				GCC_C_LANGUAGE_STANDARD = gnu11;
				GCC_DYNAMIC_NO_PIC = NO;
				GCC_NO_COMMON_BLOCKS = YES;
				GCC_OPTIMIZATION_LEVEL = 0;
				GCC_PREPROCESSOR_DEFINITIONS = (
					"DEBUG=1",
					"$(inherited)",
				);
				GCC_WARN_64_TO_32_BIT_CONVERSION = YES;
				GCC_WARN_ABOUT_RETURN_TYPE = YES_ERROR;
				GCC_WARN_UNDECLARED_SELECTOR = YES;
				GCC_WARN_UNINITIALIZED_AUTOS = YES_AGGRESSIVE;
				GCC_WARN_UNUSED_FUNCTION = YES;
				GCC_WARN_UNUSED_VARIABLE = YES;
				IPHONEOS_DEPLOYMENT_TARGET = 16.2;
				MTL_ENABLE_DEBUG_INFO = INCLUDE_SOURCE;
				MTL_FAST_MATH = YES;
				ONLY_ACTIVE_ARCH = YES;
				SDKROOT = iphoneos;
				SWIFT_ACTIVE_COMPILATION_CONDITIONS = DEBUG;
				SWIFT_OPTIMIZATION_LEVEL = "-Onone";
			};
			name = Debug;
		};
		4DD59F4829911EA6006C141D /* Release */ = {
			isa = XCBuildConfiguration;
			buildSettings = {
				ALWAYS_SEARCH_USER_PATHS = NO;
				CLANG_ANALYZER_NONNULL = YES;
				CLANG_ANALYZER_NUMBER_OBJECT_CONVERSION = YES_AGGRESSIVE;
				CLANG_CXX_LANGUAGE_STANDARD = "gnu++20";
				CLANG_ENABLE_MODULES = YES;
				CLANG_ENABLE_OBJC_ARC = YES;
				CLANG_ENABLE_OBJC_WEAK = YES;
				CLANG_WARN_BLOCK_CAPTURE_AUTORELEASING = YES;
				CLANG_WARN_BOOL_CONVERSION = YES;
				CLANG_WARN_COMMA = YES;
				CLANG_WARN_CONSTANT_CONVERSION = YES;
				CLANG_WARN_DEPRECATED_OBJC_IMPLEMENTATIONS = YES;
				CLANG_WARN_DIRECT_OBJC_ISA_USAGE = YES_ERROR;
				CLANG_WARN_DOCUMENTATION_COMMENTS = YES;
				CLANG_WARN_EMPTY_BODY = YES;
				CLANG_WARN_ENUM_CONVERSION = YES;
				CLANG_WARN_INFINITE_RECURSION = YES;
				CLANG_WARN_INT_CONVERSION = YES;
				CLANG_WARN_NON_LITERAL_NULL_CONVERSION = YES;
				CLANG_WARN_OBJC_IMPLICIT_RETAIN_SELF = YES;
				CLANG_WARN_OBJC_LITERAL_CONVERSION = YES;
				CLANG_WARN_OBJC_ROOT_CLASS = YES_ERROR;
				CLANG_WARN_QUOTED_INCLUDE_IN_FRAMEWORK_HEADER = YES;
				CLANG_WARN_RANGE_LOOP_ANALYSIS = YES;
				CLANG_WARN_STRICT_PROTOTYPES = YES;
				CLANG_WARN_SUSPICIOUS_MOVE = YES;
				CLANG_WARN_UNGUARDED_AVAILABILITY = YES_AGGRESSIVE;
				CLANG_WARN_UNREACHABLE_CODE = YES;
				CLANG_WARN__DUPLICATE_METHOD_MATCH = YES;
				COPY_PHASE_STRIP = NO;
				DEBUG_INFORMATION_FORMAT = "dwarf-with-dsym";
				ENABLE_NS_ASSERTIONS = NO;
				ENABLE_STRICT_OBJC_MSGSEND = YES;
				GCC_C_LANGUAGE_STANDARD = gnu11;
				GCC_NO_COMMON_BLOCKS = YES;
				GCC_WARN_64_TO_32_BIT_CONVERSION = YES;
				GCC_WARN_ABOUT_RETURN_TYPE = YES_ERROR;
				GCC_WARN_UNDECLARED_SELECTOR = YES;
				GCC_WARN_UNINITIALIZED_AUTOS = YES_AGGRESSIVE;
				GCC_WARN_UNUSED_FUNCTION = YES;
				GCC_WARN_UNUSED_VARIABLE = YES;
				IPHONEOS_DEPLOYMENT_TARGET = 16.2;
				MTL_ENABLE_DEBUG_INFO = NO;
				MTL_FAST_MATH = YES;
				SDKROOT = iphoneos;
				SWIFT_COMPILATION_MODE = wholemodule;
				SWIFT_OPTIMIZATION_LEVEL = "-O";
				VALIDATE_PRODUCT = YES;
			};
			name = Release;
		};
		4DD59F4A29911EA6006C141D /* Debug */ = {
			isa = XCBuildConfiguration;
			buildSettings = {
				ASSETCATALOG_COMPILER_APPICON_NAME = AppIcon;
				ASSETCATALOG_COMPILER_GLOBAL_ACCENT_COLOR_NAME = AccentColor;
				CODE_SIGN_STYLE = Automatic;
				CURRENT_PROJECT_VERSION = 1;
				DEVELOPMENT_TEAM = 3PWVTL9L84;
				GENERATE_INFOPLIST_FILE = YES;
				INFOPLIST_FILE = ContactList/Info.plist;
				INFOPLIST_KEY_UIApplicationSupportsIndirectInputEvents = YES;
				INFOPLIST_KEY_UILaunchStoryboardName = LaunchScreen;
				INFOPLIST_KEY_UIMainStoryboardFile = Main;
				INFOPLIST_KEY_UISupportedInterfaceOrientations = "UIInterfaceOrientationLandscapeLeft UIInterfaceOrientationLandscapeRight UIInterfaceOrientationPortrait";
				INFOPLIST_KEY_UISupportedInterfaceOrientations_iPad = "UIInterfaceOrientationLandscapeLeft UIInterfaceOrientationLandscapeRight UIInterfaceOrientationPortrait UIInterfaceOrientationPortraitUpsideDown";
				LD_RUNPATH_SEARCH_PATHS = (
					"$(inherited)",
					"@executable_path/Frameworks",
				);
				MARKETING_VERSION = 1.0;
				PRODUCT_BUNDLE_IDENTIFIER = lenalog.ContactList;
				PRODUCT_NAME = "$(TARGET_NAME)";
				SUPPORTED_PLATFORMS = "iphoneos iphonesimulator";
				SUPPORTS_MACCATALYST = NO;
				SUPPORTS_MAC_DESIGNED_FOR_IPHONE_IPAD = NO;
				SWIFT_EMIT_LOC_STRINGS = YES;
				SWIFT_VERSION = 5.0;
				TARGETED_DEVICE_FAMILY = 1;
			};
			name = Debug;
		};
		4DD59F4B29911EA6006C141D /* Release */ = {
			isa = XCBuildConfiguration;
			buildSettings = {
				ASSETCATALOG_COMPILER_APPICON_NAME = AppIcon;
				ASSETCATALOG_COMPILER_GLOBAL_ACCENT_COLOR_NAME = AccentColor;
				CODE_SIGN_STYLE = Automatic;
				CURRENT_PROJECT_VERSION = 1;
				DEVELOPMENT_TEAM = 3PWVTL9L84;
				GENERATE_INFOPLIST_FILE = YES;
				INFOPLIST_FILE = ContactList/Info.plist;
				INFOPLIST_KEY_UIApplicationSupportsIndirectInputEvents = YES;
				INFOPLIST_KEY_UILaunchStoryboardName = LaunchScreen;
				INFOPLIST_KEY_UIMainStoryboardFile = Main;
				INFOPLIST_KEY_UISupportedInterfaceOrientations = "UIInterfaceOrientationLandscapeLeft UIInterfaceOrientationLandscapeRight UIInterfaceOrientationPortrait";
				INFOPLIST_KEY_UISupportedInterfaceOrientations_iPad = "UIInterfaceOrientationLandscapeLeft UIInterfaceOrientationLandscapeRight UIInterfaceOrientationPortrait UIInterfaceOrientationPortraitUpsideDown";
				LD_RUNPATH_SEARCH_PATHS = (
					"$(inherited)",
					"@executable_path/Frameworks",
				);
				MARKETING_VERSION = 1.0;
				PRODUCT_BUNDLE_IDENTIFIER = lenalog.ContactList;
				PRODUCT_NAME = "$(TARGET_NAME)";
				SUPPORTED_PLATFORMS = "iphoneos iphonesimulator";
				SUPPORTS_MACCATALYST = NO;
				SUPPORTS_MAC_DESIGNED_FOR_IPHONE_IPAD = NO;
				SWIFT_EMIT_LOC_STRINGS = YES;
				SWIFT_VERSION = 5.0;
				TARGETED_DEVICE_FAMILY = 1;
			};
			name = Release;
		};
/* End XCBuildConfiguration section */

/* Begin XCConfigurationList section */
		4DD59F3029911EA5006C141D /* Build configuration list for PBXProject "ContactList" */ = {
			isa = XCConfigurationList;
			buildConfigurations = (
				4DD59F4729911EA6006C141D /* Debug */,
				4DD59F4829911EA6006C141D /* Release */,
			);
			defaultConfigurationIsVisible = 0;
			defaultConfigurationName = Release;
		};
		4DD59F4929911EA6006C141D /* Build configuration list for PBXNativeTarget "ContactList" */ = {
			isa = XCConfigurationList;
			buildConfigurations = (
				4DD59F4A29911EA6006C141D /* Debug */,
				4DD59F4B29911EA6006C141D /* Release */,
			);
			defaultConfigurationIsVisible = 0;
			defaultConfigurationName = Release;
		};
/* End XCConfigurationList section */
	};
	rootObject = 4DD59F2D29911EA5006C141D /* Project object */;
}
